
Microsoft Visual Studio Solution File, Format Version 12.00
# Visual Studio 15
VisualStudioVersion = 15.0.27130.2010
MinimumVisualStudioVersion = 10.0.40219.1
Project("{FAE04EC0-301F-11D3-BF4B-00C04F79EFBC}") = "GuessNumber", "GuessNumber\GuessNumber.csproj", "{30DA3AA8-1027-4DA1-817A-3EC9B06A6C6D}"
EndProject
Global
	GlobalSection(SolutionConfigurationPlatforms) = preSolution
		Debug|Any CPU = Debug|Any CPU
		Release|Any CPU = Release|Any CPU
	EndGlobalSection
	GlobalSection(ProjectConfigurationPlatforms) = postSolution
		{30DA3AA8-1027-4DA1-817A-3EC9B06A6C6D}.Debug|Any CPU.ActiveCfg = Debug|Any CPU
		{30DA3AA8-1027-4DA1-817A-3EC9B06A6C6D}.Debug|Any CPU.Build.0 = Debug|Any CPU
		{30DA3AA8-1027-4DA1-817A-3EC9B06A6C6D}.Release|Any CPU.ActiveCfg = Release|Any CPU
		{30DA3AA8-1027-4DA1-817A-3EC9B06A6C6D}.Release|Any CPU.Build.0 = Release|Any CPU
	EndGlobalSection
	GlobalSection(SolutionProperties) = preSolution
		HideSolutionNode = FALSE
	EndGlobalSection
	GlobalSection(ExtensibilityGlobals) = postSolution
		SolutionGuid = {B84A16DA-2369-4A3F-910F-079487F60AE9}
	EndGlobalSection
EndGlobal
